PODS:
  - slbswifttest (1.0.1)
  - testswiftoc (1.0.0):
    - slbswifttest

DEPENDENCIES:
  - testswiftoc (from `../`)

SPEC REPOS:
  https://github.com/slb2709673/SlbSpces.git:
    - slbswifttest

EXTERNAL SOURCES:
  testswiftoc:
    :path: "../"

SPEC CHECKSUMS:
  slbswifttest: fb56fe7ace7c01438f8ba56a9ff1135324e92157
  testswiftoc: e9bf98af76b4615836cb938c060c5ebbe9592aa2

PODFILE CHECKSUM: 9e85caa2ef761fab5fcd74a5ca54d11ab12f9de2

COCOAPODS: 1.5.3
